<Solution>
  <Folder Name="/Solution Items/">
    <File Path="../../README.md" />
  </Folder>
  <Project Path="capitulo01/capitulo01.csproj" />
  <Project Path="capitulo02/capitulo02.csproj" Id="62f6f4b7-d230-4a27-b7c0-855851040d8c" />
  <Project Path="capitulo03/capitulo03.csproj" Id="fad96e51-0700-474c-a00d-d8a49654efdb" />
  <Project Path="capitulo04/capitulo04.csproj" Id="4a7cbc1b-1483-4d95-9b11-1089328dcdb9" />
  <Project Path="capitulo04Factory/capitulo04FactoryAdicional.csproj" Id="6eb03eea-1452-4a19-811d-e6c9e41800d5" />
  <Project Path="capitulo04FactoryMethod/capitulo04_FactoryMethod.csproj" Id="4c656918-2c50-4e66-b6d8-4c366b0039ed" />
  <Project Path="capitulo04_SimpleFactory/capitulo04_SimpleFactory.csproj" Id="eb0fc40e-2a2e-45d9-b38b-75be7c9004fd" />
  <Project Path="capitulo05/capitulo05.csproj" Id="e8af68ad-f367-4325-b8c5-7b01e0c4808d" />
  <Project Path="capitulo05_Refatorado/capitulo05_Refatorado.csproj" Id="4fe38195-11ab-435c-8e2c-7542d80530f1" />
  <Project Path="Capitulo06/Capitulo06.csproj" Id="fb374eff-3680-4cf2-8d4d-0d21e1402576" />
  <Project Path="capitulo06_Refatorado/capitulo06_RefatoradoTemplate.csproj" Id="645bed94-e494-4bf6-8a3a-1e836806f9db" />
</Solution>
