<Solution>
  <Folder Name="/Solution Items/">
    <File Path="../../README.md" />
  </Folder>
  <Project Path="capitulo01/capitulo01.csproj" />
  <Project Path="capitulo02/capitulo02.csproj" Id="62f6f4b7-d230-4a27-b7c0-855851040d8c" />
  <Project Path="capitulo03/capitulo03.csproj" Id="fad96e51-0700-474c-a00d-d8a49654efdb" />
  <Project Path="capitulo04/capitulo04.csproj" Id="4a7cbc1b-1483-4d95-9b11-1089328dcdb9" />
  <Project Path="capitulo04Factory/capitulo04Factory.csproj" Id="6eb03eea-1452-4a19-811d-e6c9e41800d5" />
</Solution>
